
Microsoft Visual Studio Solution File, Format Version 12.00
# Visual Studio Version 17
VisualStudioVersion = 17.11.35327.3
MinimumVisualStudioVersion = 10.0.40219.1
Project("{FAE04EC0-301F-11D3-BF4B-00C04F79EFBC}") = "AtualizacaoProdutoFunction", "AtualizacaoProdutoFunction\AtualizacaoProdutoFunction.csproj", "{D53253E5-F24C-463B-91D3-503070C0312C}"
EndProject
Global
	GlobalSection(SolutionConfigurationPlatforms) = preSolution
		Debug|Any CPU = Debug|Any CPU
		Release|Any CPU = Release|Any CPU
	EndGlobalSection
	GlobalSection(ProjectConfigurationPlatforms) = postSolution
		{D53253E5-F24C-463B-91D3-503070C0312C}.Debug|Any CPU.ActiveCfg = Debug|Any CPU
		{D53253E5-F24C-463B-91D3-503070C0312C}.Debug|Any CPU.Build.0 = Debug|Any CPU
		{D53253E5-F24C-463B-91D3-503070C0312C}.Release|Any CPU.ActiveCfg = Release|Any CPU
		{D53253E5-F24C-463B-91D3-503070C0312C}.Release|Any CPU.Build.0 = Release|Any CPU
	EndGlobalSection
	GlobalSection(SolutionProperties) = preSolution
		HideSolutionNode = FALSE
	EndGlobalSection
	GlobalSection(ExtensibilityGlobals) = postSolution
		SolutionGuid = {36C8EC69-4A55-4D83-9C00-DD807B510414}
	EndGlobalSection
EndGlobal
